// !$*UTF8*$!
{
	archiveVersion = 1;
	classes = {
	};
	objectVersion = 51;
	objects = {

/* Begin PBXBuildFile section */
		2D0511DD2447164C00DDA550 /* ContactsVC.swift in Sources */ = {isa = PBXBuildFile; fileRef = 2D0511DC2447164C00DDA550 /* ContactsVC.swift */; };
		2D0511DF2447180900DDA550 /* ContactCell.swift in Sources */ = {isa = PBXBuildFile; fileRef = 2D0511DE2447180900DDA550 /* ContactCell.swift */; };
		2D0511E1244727C200DDA550 /* ContactHeader.swift in Sources */ = {isa = PBXBuildFile; fileRef = 2D0511E0244727C200DDA550 /* ContactHeader.swift */; };
		2D109127244806EE00CB2C34 /* LinkConstants.swift in Sources */ = {isa = PBXBuildFile; fileRef = 2D109126244806EE00CB2C34 /* LinkConstants.swift */; };
		2D1091292448098600CB2C34 /* HelpfulLinksVC.swift in Sources */ = {isa = PBXBuildFile; fileRef = 2D1091282448098600CB2C34 /* HelpfulLinksVC.swift */; };
		2D10912B24480AAE00CB2C34 /* LinkCell.swift in Sources */ = {isa = PBXBuildFile; fileRef = 2D10912A24480AAE00CB2C34 /* LinkCell.swift */; };
		2D1FF48B244048B60089D9BF /* HelplineCentersVC.swift in Sources */ = {isa = PBXBuildFile; fileRef = 2D1FF48A244048B60089D9BF /* HelplineCentersVC.swift */; };
		2D1FF48D24404D9D0089D9BF /* HelplineCenterCell.swift in Sources */ = {isa = PBXBuildFile; fileRef = 2D1FF48C24404D9D0089D9BF /* HelplineCenterCell.swift */; };
		2D25ECA524382B40007BD169 /* CovidClient.swift in Sources */ = {isa = PBXBuildFile; fileRef = 2D25ECA424382B40007BD169 /* CovidClient.swift */; };
		2D25ECA724382DBC007BD169 /* StateWiseCases.swift in Sources */ = {isa = PBXBuildFile; fileRef = 2D25ECA624382DBC007BD169 /* StateWiseCases.swift */; };
		2D25ECA924382DEC007BD169 /* StateData.swift in Sources */ = {isa = PBXBuildFile; fileRef = 2D25ECA824382DEC007BD169 /* StateData.swift */; };
		2D25ECAB24385745007BD169 /* CountryStatsHeaderCell.swift in Sources */ = {isa = PBXBuildFile; fileRef = 2D25ECAA24385745007BD169 /* CountryStatsHeaderCell.swift */; };
		2D25ECAF24386010007BD169 /* CountryDataCard.swift in Sources */ = {isa = PBXBuildFile; fileRef = 2D25ECAE2438600F007BD169 /* CountryDataCard.swift */; };
		2D25ECB124389EAB007BD169 /* CountryDataCardState.swift in Sources */ = {isa = PBXBuildFile; fileRef = 2D25ECB024389EAB007BD169 /* CountryDataCardState.swift */; };
		2D25ECB42438DAD8007BD169 /* ErrorMessage.swift in Sources */ = {isa = PBXBuildFile; fileRef = 2D25ECB32438DAD8007BD169 /* ErrorMessage.swift */; };
		2D25ECB62438DD0B007BD169 /* Extensions.swift in Sources */ = {isa = PBXBuildFile; fileRef = 2D25ECB52438DD0B007BD169 /* Extensions.swift */; };
		2D2997A7243625CD00AB4C7A /* AppDelegate.swift in Sources */ = {isa = PBXBuildFile; fileRef = 2D2997A6243625CC00AB4C7A /* AppDelegate.swift */; };
		2D2997A9243625CD00AB4C7A /* SceneDelegate.swift in Sources */ = {isa = PBXBuildFile; fileRef = 2D2997A8243625CD00AB4C7A /* SceneDelegate.swift */; };
		2D2997AB243625CD00AB4C7A /* HomeVC.swift in Sources */ = {isa = PBXBuildFile; fileRef = 2D2997AA243625CD00AB4C7A /* HomeVC.swift */; };
		2D2997B0243625D300AB4C7A /* Assets.xcassets in Resources */ = {isa = PBXBuildFile; fileRef = 2D2997AF243625D300AB4C7A /* Assets.xcassets */; };
		2D2997B3243625D300AB4C7A /* LaunchScreen.storyboard in Resources */ = {isa = PBXBuildFile; fileRef = 2D2997B1243625D300AB4C7A /* LaunchScreen.storyboard */; };
		2D2997BF2436288300AB4C7A /* CountryStatsHeaderView.swift in Sources */ = {isa = PBXBuildFile; fileRef = 2D2997BE2436288300AB4C7A /* CountryStatsHeaderView.swift */; };
		2D3D4FB7243AC5D000C86AAE /* DistrictVC.swift in Sources */ = {isa = PBXBuildFile; fileRef = 2D3D4FB6243AC5D000C86AAE /* DistrictVC.swift */; };
		2D3D4FBC243AD43200C86AAE /* District.swift in Sources */ = {isa = PBXBuildFile; fileRef = 2D3D4FBB243AD43200C86AAE /* District.swift */; };
		2D3D4FBE243AD48600C86AAE /* DistrictWiseData.swift in Sources */ = {isa = PBXBuildFile; fileRef = 2D3D4FBD243AD48600C86AAE /* DistrictWiseData.swift */; };
		2D3D4FC2243B18F400C86AAE /* StateStatsHeaderView.swift in Sources */ = {isa = PBXBuildFile; fileRef = 2D3D4FC1243B18F400C86AAE /* StateStatsHeaderView.swift */; };
		2D3D4FC4243B1F3C00C86AAE /* StateStatsHeaderCell.swift in Sources */ = {isa = PBXBuildFile; fileRef = 2D3D4FC3243B1F3C00C86AAE /* StateStatsHeaderCell.swift */; };
		2D3F2E252439804C00BAE875 /* ActivityIndicatorContainer.swift in Sources */ = {isa = PBXBuildFile; fileRef = 2D3F2E242439804C00BAE875 /* ActivityIndicatorContainer.swift */; };
		2D3F2E272439B0E800BAE875 /* CaseTimeSerie.swift in Sources */ = {isa = PBXBuildFile; fileRef = 2D3F2E262439B0E800BAE875 /* CaseTimeSerie.swift */; };
		2D3F2E2A2439CCDE00BAE875 /* CountryChartData.swift in Sources */ = {isa = PBXBuildFile; fileRef = 2D3F2E292439CCDE00BAE875 /* CountryChartData.swift */; };
		2D51B7B1243EC87B00401044 /* HospitalResponse.swift in Sources */ = {isa = PBXBuildFile; fileRef = 2D51B7B0243EC87B00401044 /* HospitalResponse.swift */; };
		2D51B7B3243EC8DD00401044 /* HospitalData.swift in Sources */ = {isa = PBXBuildFile; fileRef = 2D51B7B2243EC8DD00401044 /* HospitalData.swift */; };
		2D51B7B5243EC91900401044 /* MedicalCollege.swift in Sources */ = {isa = PBXBuildFile; fileRef = 2D51B7B4243EC91900401044 /* MedicalCollege.swift */; };
		2D697F942441E938007A1351 /* QuestionCard.swift in Sources */ = {isa = PBXBuildFile; fileRef = 2D697F932441E938007A1351 /* QuestionCard.swift */; };
		2D6B9E42243723E0002AB29D /* PlaceCell.swift in Sources */ = {isa = PBXBuildFile; fileRef = 2D6B9E41243723E0002AB29D /* PlaceCell.swift */; };
		2D6F5D772442EEBA00D57290 /* QuestionHeader.swift in Sources */ = {isa = PBXBuildFile; fileRef = 2D6F5D762442EEBA00D57290 /* QuestionHeader.swift */; };
		2D6F5D792442F63D00D57290 /* AnswerCell.swift in Sources */ = {isa = PBXBuildFile; fileRef = 2D6F5D782442F63D00D57290 /* AnswerCell.swift */; };
		2D6F5D7C2442FC3600D57290 /* QuestionConstants.swift in Sources */ = {isa = PBXBuildFile; fileRef = 2D6F5D7B2442FC3600D57290 /* QuestionConstants.swift */; };
		2D7C89902446DA0600DDCA3A /* SettingsCollectionViewCell.swift in Sources */ = {isa = PBXBuildFile; fileRef = 2D7C898F2446DA0600DDCA3A /* SettingsCollectionViewCell.swift */; };
		2D811B7D2449BE8D00FF9EFA /* IntroVC.swift in Sources */ = {isa = PBXBuildFile; fileRef = 2D811B7C2449BE8D00FF9EFA /* IntroVC.swift */; };
		2D811B822449C06800FF9EFA /* IntroCell.swift in Sources */ = {isa = PBXBuildFile; fileRef = 2D811B812449C06800FF9EFA /* IntroCell.swift */; };
		2D811B842449C2B500FF9EFA /* Precaution.swift in Sources */ = {isa = PBXBuildFile; fileRef = 2D811B832449C2B500FF9EFA /* Precaution.swift */; };
		2D83A5892447453C00269BC1 /* ContactConstants.swift in Sources */ = {isa = PBXBuildFile; fileRef = 2D83A5882447453C00269BC1 /* ContactConstants.swift */; };
		2D9824A62441D5BA00666568 /* SymptomCheckerVC.swift in Sources */ = {isa = PBXBuildFile; fileRef = 2D9824A52441D5BA00666568 /* SymptomCheckerVC.swift */; };
		2DB82922243CCF94002D139C /* SocialVC.swift in Sources */ = {isa = PBXBuildFile; fileRef = 2DB82921243CCF94002D139C /* SocialVC.swift */; };
		2DC4F49C24375A25005A5B44 /* TableHeadingView.swift in Sources */ = {isa = PBXBuildFile; fileRef = 2DC4F49B24375A25005A5B44 /* TableHeadingView.swift */; };
		2DCB97302446B00600B4E448 /* MainTabBarController.swift in Sources */ = {isa = PBXBuildFile; fileRef = 2DCB972F2446B00600B4E448 /* MainTabBarController.swift */; };
		2DCB97332446B05500B4E448 /* SideMenuVC.swift in Sources */ = {isa = PBXBuildFile; fileRef = 2DCB97322446B05500B4E448 /* SideMenuVC.swift */; };
		2DCB97352446B0C800B4E448 /* ContainerVC.swift in Sources */ = {isa = PBXBuildFile; fileRef = 2DCB97342446B0C800B4E448 /* ContainerVC.swift */; };
		2DCB97372446C40500B4E448 /* Setting.swift in Sources */ = {isa = PBXBuildFile; fileRef = 2DCB97362446C40500B4E448 /* Setting.swift */; };
		2DE32D28243EF01B000B090D /* HospitalState.swift in Sources */ = {isa = PBXBuildFile; fileRef = 2DE32D27243EF01B000B090D /* HospitalState.swift */; };
		2DE32D2A243F45AA000B090D /* HealthTableHeaderView.swift in Sources */ = {isa = PBXBuildFile; fileRef = 2DE32D29243F45AA000B090D /* HealthTableHeaderView.swift */; };
		2DE32D2C243F4666000B090D /* QuoteHeaderView.swift in Sources */ = {isa = PBXBuildFile; fileRef = 2DE32D2B243F4666000B090D /* QuoteHeaderView.swift */; };
		2DEB2F76243E43D80088E176 /* HealthVC.swift in Sources */ = {isa = PBXBuildFile; fileRef = 2DEB2F75243E43D80088E176 /* HealthVC.swift */; };
		2DEB2F7A243E45AB0088E176 /* HealthStateCell.swift in Sources */ = {isa = PBXBuildFile; fileRef = 2DEB2F79243E45AB0088E176 /* HealthStateCell.swift */; };
		2DEC22622438FB13005A5FDA /* CustomAlertVC.swift in Sources */ = {isa = PBXBuildFile; fileRef = 2DEC22612438FB13005A5FDA /* CustomAlertVC.swift */; };
		2DEE5DC8243D858C009F9A3A /* SocialCell.swift in Sources */ = {isa = PBXBuildFile; fileRef = 2DEE5DC7243D858C009F9A3A /* SocialCell.swift */; };
		2DF356B72448A43D00D46AEF /* AboutUsVC.swift in Sources */ = {isa = PBXBuildFile; fileRef = 2DF356B62448A43D00D46AEF /* AboutUsVC.swift */; };
		DDFE0E64589E1BF5C9EFA072 /* Pods_Covid_19.framework in Frameworks */ = {isa = PBXBuildFile; fileRef = 7743D02E447109434E547795 /* Pods_Covid_19.framework */; };
/* End PBXBuildFile section */

/* Begin PBXFileReference section */
		2D0511DC2447164C00DDA550 /* ContactsVC.swift */ = {isa = PBXFileReference; lastKnownFileType = sourcecode.swift; path = ContactsVC.swift; sourceTree = "<group>"; };
		2D0511DE2447180900DDA550 /* ContactCell.swift */ = {isa = PBXFileReference; lastKnownFileType = sourcecode.swift; path = ContactCell.swift; sourceTree = "<group>"; };
		2D0511E0244727C200DDA550 /* ContactHeader.swift */ = {isa = PBXFileReference; lastKnownFileType = sourcecode.swift; path = ContactHeader.swift; sourceTree = "<group>"; };
		2D109126244806EE00CB2C34 /* LinkConstants.swift */ = {isa = PBXFileReference; lastKnownFileType = sourcecode.swift; path = LinkConstants.swift; sourceTree = "<group>"; };
		2D1091282448098600CB2C34 /* HelpfulLinksVC.swift */ = {isa = PBXFileReference; lastKnownFileType = sourcecode.swift; path = HelpfulLinksVC.swift; sourceTree = "<group>"; };
		2D10912A24480AAE00CB2C34 /* LinkCell.swift */ = {isa = PBXFileReference; lastKnownFileType = sourcecode.swift; path = LinkCell.swift; sourceTree = "<group>"; };
		2D1FF48A244048B60089D9BF /* HelplineCentersVC.swift */ = {isa = PBXFileReference; lastKnownFileType = sourcecode.swift; path = HelplineCentersVC.swift; sourceTree = "<group>"; };
		2D1FF48C24404D9D0089D9BF /* HelplineCenterCell.swift */ = {isa = PBXFileReference; lastKnownFileType = sourcecode.swift; path = HelplineCenterCell.swift; sourceTree = "<group>"; };
		2D25ECA424382B40007BD169 /* CovidClient.swift */ = {isa = PBXFileReference; lastKnownFileType = sourcecode.swift; path = CovidClient.swift; sourceTree = "<group>"; };
		2D25ECA624382DBC007BD169 /* StateWiseCases.swift */ = {isa = PBXFileReference; lastKnownFileType = sourcecode.swift; path = StateWiseCases.swift; sourceTree = "<group>"; };
		2D25ECA824382DEC007BD169 /* StateData.swift */ = {isa = PBXFileReference; lastKnownFileType = sourcecode.swift; path = StateData.swift; sourceTree = "<group>"; };
		2D25ECAA24385745007BD169 /* CountryStatsHeaderCell.swift */ = {isa = PBXFileReference; lastKnownFileType = sourcecode.swift; path = CountryStatsHeaderCell.swift; sourceTree = "<group>"; };
		2D25ECAE2438600F007BD169 /* CountryDataCard.swift */ = {isa = PBXFileReference; lastKnownFileType = sourcecode.swift; path = CountryDataCard.swift; sourceTree = "<group>"; };
		2D25ECB024389EAB007BD169 /* CountryDataCardState.swift */ = {isa = PBXFileReference; lastKnownFileType = sourcecode.swift; path = CountryDataCardState.swift; sourceTree = "<group>"; };
		2D25ECB32438DAD8007BD169 /* ErrorMessage.swift */ = {isa = PBXFileReference; lastKnownFileType = sourcecode.swift; path = ErrorMessage.swift; sourceTree = "<group>"; };
		2D25ECB52438DD0B007BD169 /* Extensions.swift */ = {isa = PBXFileReference; lastKnownFileType = sourcecode.swift; path = Extensions.swift; sourceTree = "<group>"; };
		2D2997A3243625CC00AB4C7A /* Covid-19.app */ = {isa = PBXFileReference; explicitFileType = wrapper.application; includeInIndex = 0; path = "Covid-19.app"; sourceTree = BUILT_PRODUCTS_DIR; };
		2D2997A6243625CC00AB4C7A /* AppDelegate.swift */ = {isa = PBXFileReference; lastKnownFileType = sourcecode.swift; path = AppDelegate.swift; sourceTree = "<group>"; };
		2D2997A8243625CD00AB4C7A /* SceneDelegate.swift */ = {isa = PBXFileReference; lastKnownFileType = sourcecode.swift; path = SceneDelegate.swift; sourceTree = "<group>"; };
		2D2997AA243625CD00AB4C7A /* HomeVC.swift */ = {isa = PBXFileReference; lastKnownFileType = sourcecode.swift; path = HomeVC.swift; sourceTree = "<group>"; };
		2D2997AF243625D300AB4C7A /* Assets.xcassets */ = {isa = PBXFileReference; lastKnownFileType = folder.assetcatalog; path = Assets.xcassets; sourceTree = "<group>"; };
		2D2997B2243625D300AB4C7A /* Base */ = {isa = PBXFileReference; lastKnownFileType = file.storyboard; name = Base; path = Base.lproj/LaunchScreen.storyboard; sourceTree = "<group>"; };
		2D2997B4243625D300AB4C7A /* Info.plist */ = {isa = PBXFileReference; lastKnownFileType = text.plist.xml; path = Info.plist; sourceTree = "<group>"; };
		2D2997BE2436288300AB4C7A /* CountryStatsHeaderView.swift */ = {isa = PBXFileReference; lastKnownFileType = sourcecode.swift; path = CountryStatsHeaderView.swift; sourceTree = "<group>"; };
		2D3D4FB6243AC5D000C86AAE /* DistrictVC.swift */ = {isa = PBXFileReference; lastKnownFileType = sourcecode.swift; path = DistrictVC.swift; sourceTree = "<group>"; };
		2D3D4FBB243AD43200C86AAE /* District.swift */ = {isa = PBXFileReference; lastKnownFileType = sourcecode.swift; path = District.swift; sourceTree = "<group>"; };
		2D3D4FBD243AD48600C86AAE /* DistrictWiseData.swift */ = {isa = PBXFileReference; lastKnownFileType = sourcecode.swift; path = DistrictWiseData.swift; sourceTree = "<group>"; };
		2D3D4FC1243B18F400C86AAE /* StateStatsHeaderView.swift */ = {isa = PBXFileReference; lastKnownFileType = sourcecode.swift; path = StateStatsHeaderView.swift; sourceTree = "<group>"; };
		2D3D4FC3243B1F3C00C86AAE /* StateStatsHeaderCell.swift */ = {isa = PBXFileReference; lastKnownFileType = sourcecode.swift; path = StateStatsHeaderCell.swift; sourceTree = "<group>"; };
		2D3F2E242439804C00BAE875 /* ActivityIndicatorContainer.swift */ = {isa = PBXFileReference; lastKnownFileType = sourcecode.swift; path = ActivityIndicatorContainer.swift; sourceTree = "<group>"; };
		2D3F2E262439B0E800BAE875 /* CaseTimeSerie.swift */ = {isa = PBXFileReference; lastKnownFileType = sourcecode.swift; path = CaseTimeSerie.swift; sourceTree = "<group>"; };
		2D3F2E292439CCDE00BAE875 /* CountryChartData.swift */ = {isa = PBXFileReference; lastKnownFileType = sourcecode.swift; path = CountryChartData.swift; sourceTree = "<group>"; };
		2D51B7B0243EC87B00401044 /* HospitalResponse.swift */ = {isa = PBXFileReference; lastKnownFileType = sourcecode.swift; path = HospitalResponse.swift; sourceTree = "<group>"; };
		2D51B7B2243EC8DD00401044 /* HospitalData.swift */ = {isa = PBXFileReference; lastKnownFileType = sourcecode.swift; path = HospitalData.swift; sourceTree = "<group>"; };
		2D51B7B4243EC91900401044 /* MedicalCollege.swift */ = {isa = PBXFileReference; lastKnownFileType = sourcecode.swift; path = MedicalCollege.swift; sourceTree = "<group>"; };
		2D697F932441E938007A1351 /* QuestionCard.swift */ = {isa = PBXFileReference; lastKnownFileType = sourcecode.swift; path = QuestionCard.swift; sourceTree = "<group>"; };
		2D6B9E41243723E0002AB29D /* PlaceCell.swift */ = {isa = PBXFileReference; lastKnownFileType = sourcecode.swift; path = PlaceCell.swift; sourceTree = "<group>"; };
		2D6F5D762442EEBA00D57290 /* QuestionHeader.swift */ = {isa = PBXFileReference; lastKnownFileType = sourcecode.swift; path = QuestionHeader.swift; sourceTree = "<group>"; };
		2D6F5D782442F63D00D57290 /* AnswerCell.swift */ = {isa = PBXFileReference; lastKnownFileType = sourcecode.swift; path = AnswerCell.swift; sourceTree = "<group>"; };
		2D6F5D7B2442FC3600D57290 /* QuestionConstants.swift */ = {isa = PBXFileReference; lastKnownFileType = sourcecode.swift; path = QuestionConstants.swift; sourceTree = "<group>"; };
		2D7C898F2446DA0600DDCA3A /* SettingsCollectionViewCell.swift */ = {isa = PBXFileReference; lastKnownFileType = sourcecode.swift; path = SettingsCollectionViewCell.swift; sourceTree = "<group>"; };
		2D811B7C2449BE8D00FF9EFA /* IntroVC.swift */ = {isa = PBXFileReference; lastKnownFileType = sourcecode.swift; path = IntroVC.swift; sourceTree = "<group>"; };
		2D811B812449C06800FF9EFA /* IntroCell.swift */ = {isa = PBXFileReference; lastKnownFileType = sourcecode.swift; path = IntroCell.swift; sourceTree = "<group>"; };
		2D811B832449C2B500FF9EFA /* Precaution.swift */ = {isa = PBXFileReference; lastKnownFileType = sourcecode.swift; path = Precaution.swift; sourceTree = "<group>"; };
		2D83A5882447453C00269BC1 /* ContactConstants.swift */ = {isa = PBXFileReference; lastKnownFileType = sourcecode.swift; path = ContactConstants.swift; sourceTree = "<group>"; };
		2D9824A52441D5BA00666568 /* SymptomCheckerVC.swift */ = {isa = PBXFileReference; lastKnownFileType = sourcecode.swift; path = SymptomCheckerVC.swift; sourceTree = "<group>"; };
		2DB82921243CCF94002D139C /* SocialVC.swift */ = {isa = PBXFileReference; lastKnownFileType = sourcecode.swift; path = SocialVC.swift; sourceTree = "<group>"; };
		2DC4F49B24375A25005A5B44 /* TableHeadingView.swift */ = {isa = PBXFileReference; lastKnownFileType = sourcecode.swift; path = TableHeadingView.swift; sourceTree = "<group>"; };
		2DCB972F2446B00600B4E448 /* MainTabBarController.swift */ = {isa = PBXFileReference; lastKnownFileType = sourcecode.swift; path = MainTabBarController.swift; sourceTree = "<group>"; };
		2DCB97322446B05500B4E448 /* SideMenuVC.swift */ = {isa = PBXFileReference; lastKnownFileType = sourcecode.swift; path = SideMenuVC.swift; sourceTree = "<group>"; };
		2DCB97342446B0C800B4E448 /* ContainerVC.swift */ = {isa = PBXFileReference; lastKnownFileType = sourcecode.swift; path = ContainerVC.swift; sourceTree = "<group>"; };
		2DCB97362446C40500B4E448 /* Setting.swift */ = {isa = PBXFileReference; lastKnownFileType = sourcecode.swift; path = Setting.swift; sourceTree = "<group>"; };
		2DE32D27243EF01B000B090D /* HospitalState.swift */ = {isa = PBXFileReference; lastKnownFileType = sourcecode.swift; path = HospitalState.swift; sourceTree = "<group>"; };
		2DE32D29243F45AA000B090D /* HealthTableHeaderView.swift */ = {isa = PBXFileReference; lastKnownFileType = sourcecode.swift; path = HealthTableHeaderView.swift; sourceTree = "<group>"; };
		2DE32D2B243F4666000B090D /* QuoteHeaderView.swift */ = {isa = PBXFileReference; lastKnownFileType = sourcecode.swift; path = QuoteHeaderView.swift; sourceTree = "<group>"; };
		2DEB2F75243E43D80088E176 /* HealthVC.swift */ = {isa = PBXFileReference; lastKnownFileType = sourcecode.swift; path = HealthVC.swift; sourceTree = "<group>"; };
		2DEB2F79243E45AB0088E176 /* HealthStateCell.swift */ = {isa = PBXFileReference; lastKnownFileType = sourcecode.swift; path = HealthStateCell.swift; sourceTree = "<group>"; };
		2DEC22612438FB13005A5FDA /* CustomAlertVC.swift */ = {isa = PBXFileReference; lastKnownFileType = sourcecode.swift; path = CustomAlertVC.swift; sourceTree = "<group>"; };
		2DEE5DC7243D858C009F9A3A /* SocialCell.swift */ = {isa = PBXFileReference; lastKnownFileType = sourcecode.swift; path = SocialCell.swift; sourceTree = "<group>"; };
		2DF356B62448A43D00D46AEF /* AboutUsVC.swift */ = {isa = PBXFileReference; lastKnownFileType = sourcecode.swift; path = AboutUsVC.swift; sourceTree = "<group>"; };
		7743D02E447109434E547795 /* Pods_Covid_19.framework */ = {isa = PBXFileReference; explicitFileType = wrapper.framework; includeInIndex = 0; path = Pods_Covid_19.framework; sourceTree = BUILT_PRODUCTS_DIR; };
		DB0D988D78806F4AD624F305 /* Pods-Covid-19.debug.xcconfig */ = {isa = PBXFileReference; includeInIndex = 1; lastKnownFileType = text.xcconfig; name = "Pods-Covid-19.debug.xcconfig"; path = "Target Support Files/Pods-Covid-19/Pods-Covid-19.debug.xcconfig"; sourceTree = "<group>"; };
		F92A189F88D969B758221880 /* Pods-Covid-19.release.xcconfig */ = {isa = PBXFileReference; includeInIndex = 1; lastKnownFileType = text.xcconfig; name = "Pods-Covid-19.release.xcconfig"; path = "Target Support Files/Pods-Covid-19/Pods-Covid-19.release.xcconfig"; sourceTree = "<group>"; };
/* End PBXFileReference section */

/* Begin PBXFrameworksBuildPhase section */
		2D2997A0243625CC00AB4C7A /* Frameworks */ = {
			isa = PBXFrameworksBuildPhase;
			buildActionMask = 2147483647;
			files = (
				DDFE0E64589E1BF5C9EFA072 /* Pods_Covid_19.framework in Frameworks */,
			);
			runOnlyForDeploymentPostprocessing = 0;
		};
/* End PBXFrameworksBuildPhase section */

/* Begin PBXGroup section */
		2D0511D8244715F100DDA550 /* Contacts */ = {
			isa = PBXGroup;
			children = (
				2D0511DB2447163600DDA550 /* View */,
				2D0511DA2447163000DDA550 /* Controller */,
				2D0511D92447162A00DDA550 /* Model */,
			);
			path = Contacts;
			sourceTree = "<group>";
		};
		2D0511D92447162A00DDA550 /* Model */ = {
			isa = PBXGroup;
			children = (
				2D83A5882447453C00269BC1 /* ContactConstants.swift */,
			);
			path = Model;
			sourceTree = "<group>";
		};
		2D0511DA2447163000DDA550 /* Controller */ = {
			isa = PBXGroup;
			children = (
				2D0511DC2447164C00DDA550 /* ContactsVC.swift */,
			);
			path = Controller;
			sourceTree = "<group>";
		};
		2D0511DB2447163600DDA550 /* View */ = {
			isa = PBXGroup;
			children = (
				2D0511DE2447180900DDA550 /* ContactCell.swift */,
				2D0511E0244727C200DDA550 /* ContactHeader.swift */,
			);
			path = View;
			sourceTree = "<group>";
		};
		2D1091222448067C00CB2C34 /* HelpfulLinks */ = {
			isa = PBXGroup;
			children = (
				2D109124244806BD00CB2C34 /* View */,
				2D109125244806C300CB2C34 /* Controller */,
				2D109123244806B800CB2C34 /* Model */,
			);
			path = HelpfulLinks;
			sourceTree = "<group>";
		};
		2D109123244806B800CB2C34 /* Model */ = {
			isa = PBXGroup;
			children = (
				2D109126244806EE00CB2C34 /* LinkConstants.swift */,
			);
			path = Model;
			sourceTree = "<group>";
		};
		2D109124244806BD00CB2C34 /* View */ = {
			isa = PBXGroup;
			children = (
				2D10912A24480AAE00CB2C34 /* LinkCell.swift */,
			);
			path = View;
			sourceTree = "<group>";
		};
		2D109125244806C300CB2C34 /* Controller */ = {
			isa = PBXGroup;
			children = (
				2D1091282448098600CB2C34 /* HelpfulLinksVC.swift */,
			);
			path = Controller;
			sourceTree = "<group>";
		};
		2D1FF4872440485D0089D9BF /* HelplineCenters */ = {
			isa = PBXGroup;
			children = (
				2D1FF488244048850089D9BF /* View */,
				2D1FF4892440488C0089D9BF /* Controller */,
			);
			path = HelplineCenters;
			sourceTree = "<group>";
		};
		2D1FF488244048850089D9BF /* View */ = {
			isa = PBXGroup;
			children = (
				2D1FF48C24404D9D0089D9BF /* HelplineCenterCell.swift */,
			);
			path = View;
			sourceTree = "<group>";
		};
		2D1FF4892440488C0089D9BF /* Controller */ = {
			isa = PBXGroup;
			children = (
				2D1FF48A244048B60089D9BF /* HelplineCentersVC.swift */,
			);
			path = Controller;
			sourceTree = "<group>";
		};
		2D25ECA324382B18007BD169 /* Networking */ = {
			isa = PBXGroup;
			children = (
				2D25ECA424382B40007BD169 /* CovidClient.swift */,
			);
			path = Networking;
			sourceTree = "<group>";
		};
		2D25ECB22438DAB5007BD169 /* Utilities */ = {
			isa = PBXGroup;
			children = (
				2D25ECB32438DAD8007BD169 /* ErrorMessage.swift */,
				2D25ECB52438DD0B007BD169 /* Extensions.swift */,
				2DEC22612438FB13005A5FDA /* CustomAlertVC.swift */,
				2D3F2E242439804C00BAE875 /* ActivityIndicatorContainer.swift */,
			);
			path = Utilities;
			sourceTree = "<group>";
		};
		2D29979A243625CC00AB4C7A = {
			isa = PBXGroup;
			children = (
				2D2997A5243625CC00AB4C7A /* Covid-19 */,
				2D2997A4243625CC00AB4C7A /* Products */,
				ACA36AE10E4CC596F3A17737 /* Pods */,
				8A549917EE2FFEBAC33D11C7 /* Frameworks */,
			);
			sourceTree = "<group>";
		};
		2D2997A4243625CC00AB4C7A /* Products */ = {
			isa = PBXGroup;
			children = (
				2D2997A3243625CC00AB4C7A /* Covid-19.app */,
			);
			name = Products;
			sourceTree = "<group>";
		};
		2D2997A5243625CC00AB4C7A /* Covid-19 */ = {
			isa = PBXGroup;
			children = (
				2D2997A6243625CC00AB4C7A /* AppDelegate.swift */,
				2D2997A8243625CD00AB4C7A /* SceneDelegate.swift */,
				2D25ECA324382B18007BD169 /* Networking */,
				2D811B7B2449BE4400FF9EFA /* Intro */,
				2DF356B32448A40000D46AEF /* AboutUs */,
				2DCB97312446B04200B4E448 /* SideMenu */,
				2D0511D8244715F100DDA550 /* Contacts */,
				2D1091222448067C00CB2C34 /* HelpfulLinks */,
				2D2997BA2436270C00AB4C7A /* Home */,
				2D3D4FB5243AC58200C86AAE /* District */,
				2DB82920243CCF48002D139C /* Social */,
				2DEB2F74243E43A90088E176 /* Health */,
				2D1FF4872440485D0089D9BF /* HelplineCenters */,
				2D9824A22441CA6700666568 /* Symptom */,
				2D25ECB22438DAB5007BD169 /* Utilities */,
				2D2997AF243625D300AB4C7A /* Assets.xcassets */,
				2D2997B1243625D300AB4C7A /* LaunchScreen.storyboard */,
				2D2997B4243625D300AB4C7A /* Info.plist */,
			);
			path = "Covid-19";
			sourceTree = "<group>";
		};
		2D2997BA2436270C00AB4C7A /* Home */ = {
			isa = PBXGroup;
			children = (
				2D3F2E282439CBE300BAE875 /* Responses */,
				2D2997BC2436286300AB4C7A /* View */,
				2D2997BD2436286900AB4C7A /* Controller */,
				2D2997BB2436285E00AB4C7A /* Model */,
			);
			path = Home;
			sourceTree = "<group>";
		};
		2D2997BB2436285E00AB4C7A /* Model */ = {
			isa = PBXGroup;
			children = (
				2D25ECAE2438600F007BD169 /* CountryDataCard.swift */,
				2D25ECB024389EAB007BD169 /* CountryDataCardState.swift */,
				2D3F2E292439CCDE00BAE875 /* CountryChartData.swift */,
			);
			path = Model;
			sourceTree = "<group>";
		};
		2D2997BC2436286300AB4C7A /* View */ = {
			isa = PBXGroup;
			children = (
				2D2997BE2436288300AB4C7A /* CountryStatsHeaderView.swift */,
				2D25ECAA24385745007BD169 /* CountryStatsHeaderCell.swift */,
				2DC4F49B24375A25005A5B44 /* TableHeadingView.swift */,
				2D6B9E41243723E0002AB29D /* PlaceCell.swift */,
			);
			path = View;
			sourceTree = "<group>";
		};
		2D2997BD2436286900AB4C7A /* Controller */ = {
			isa = PBXGroup;
			children = (
				2D2997AA243625CD00AB4C7A /* HomeVC.swift */,
			);
			path = Controller;
			sourceTree = "<group>";
		};
		2D3D4FB5243AC58200C86AAE /* District */ = {
			isa = PBXGroup;
			children = (
				2D3D4FBA243AD3B500C86AAE /* Responses */,
				2D3D4FB9243AD38700C86AAE /* View */,
				2D3D4FB8243AD36E00C86AAE /* Controller */,
			);
			path = District;
			sourceTree = "<group>";
		};
		2D3D4FB8243AD36E00C86AAE /* Controller */ = {
			isa = PBXGroup;
			children = (
				2D3D4FB6243AC5D000C86AAE /* DistrictVC.swift */,
			);
			path = Controller;
			sourceTree = "<group>";
		};
		2D3D4FB9243AD38700C86AAE /* View */ = {
			isa = PBXGroup;
			children = (
				2D3D4FC1243B18F400C86AAE /* StateStatsHeaderView.swift */,
				2D3D4FC3243B1F3C00C86AAE /* StateStatsHeaderCell.swift */,
			);
			path = View;
			sourceTree = "<group>";
		};
		2D3D4FBA243AD3B500C86AAE /* Responses */ = {
			isa = PBXGroup;
			children = (
				2D3D4FBB243AD43200C86AAE /* District.swift */,
				2D3D4FBD243AD48600C86AAE /* DistrictWiseData.swift */,
			);
			path = Responses;
			sourceTree = "<group>";
		};
		2D3F2E282439CBE300BAE875 /* Responses */ = {
			isa = PBXGroup;
			children = (
				2D3F2E262439B0E800BAE875 /* CaseTimeSerie.swift */,
				2D25ECA824382DEC007BD169 /* StateData.swift */,
				2D25ECA624382DBC007BD169 /* StateWiseCases.swift */,
			);
			path = Responses;
			sourceTree = "<group>";
		};
		2D51B7AF243EC7BF00401044 /* Responses */ = {
			isa = PBXGroup;
			children = (
				2D51B7B0243EC87B00401044 /* HospitalResponse.swift */,
				2D51B7B2243EC8DD00401044 /* HospitalData.swift */,
				2D51B7B4243EC91900401044 /* MedicalCollege.swift */,
			);
			path = Responses;
			sourceTree = "<group>";
		};
		2D6F5D7A2442FC1100D57290 /* Model */ = {
			isa = PBXGroup;
			children = (
				2D6F5D7B2442FC3600D57290 /* QuestionConstants.swift */,
			);
			path = Model;
			sourceTree = "<group>";
		};
		2D7C898C2446D9C900DDCA3A /* Model */ = {
			isa = PBXGroup;
			children = (
				2DCB97362446C40500B4E448 /* Setting.swift */,
			);
			path = Model;
			sourceTree = "<group>";
		};
		2D7C898D2446D9E300DDCA3A /* Controller */ = {
			isa = PBXGroup;
			children = (
				2DCB97322446B05500B4E448 /* SideMenuVC.swift */,
				2DCB97342446B0C800B4E448 /* ContainerVC.swift */,
				2DCB972F2446B00600B4E448 /* MainTabBarController.swift */,
			);
			path = Controller;
			sourceTree = "<group>";
		};
		2D7C898E2446D9EE00DDCA3A /* View */ = {
			isa = PBXGroup;
			children = (
				2D7C898F2446DA0600DDCA3A /* SettingsCollectionViewCell.swift */,
			);
			path = View;
			sourceTree = "<group>";
		};
		2D811B7B2449BE4400FF9EFA /* Intro */ = {
			isa = PBXGroup;
			children = (
				2D811B802449C05C00FF9EFA /* View */,
				2D811B7F2449C05100FF9EFA /* Controller */,
				2D811B7E2449C04800FF9EFA /* Model */,
			);
			path = Intro;
			sourceTree = "<group>";
		};
		2D811B7E2449C04800FF9EFA /* Model */ = {
			isa = PBXGroup;
			children = (
				2D811B832449C2B500FF9EFA /* Precaution.swift */,
			);
			path = Model;
			sourceTree = "<group>";
		};
		2D811B7F2449C05100FF9EFA /* Controller */ = {
			isa = PBXGroup;
			children = (
				2D811B7C2449BE8D00FF9EFA /* IntroVC.swift */,
			);
			path = Controller;
			sourceTree = "<group>";
		};
		2D811B802449C05C00FF9EFA /* View */ = {
			isa = PBXGroup;
			children = (
				2D811B812449C06800FF9EFA /* IntroCell.swift */,
			);
			path = View;
			sourceTree = "<group>";
		};
		2D9824A22441CA6700666568 /* Symptom */ = {
			isa = PBXGroup;
			children = (
				2D9824A32441D59600666568 /* View */,
				2D9824A42441D59E00666568 /* Controller */,
				2D6F5D7A2442FC1100D57290 /* Model */,
			);
			path = Symptom;
			sourceTree = "<group>";
		};
		2D9824A32441D59600666568 /* View */ = {
			isa = PBXGroup;
			children = (
				2D6F5D762442EEBA00D57290 /* QuestionHeader.swift */,
				2D697F932441E938007A1351 /* QuestionCard.swift */,
				2D6F5D782442F63D00D57290 /* AnswerCell.swift */,
			);
			path = View;
			sourceTree = "<group>";
		};
		2D9824A42441D59E00666568 /* Controller */ = {
			isa = PBXGroup;
			children = (
				2D9824A52441D5BA00666568 /* SymptomCheckerVC.swift */,
			);
			path = Controller;
			sourceTree = "<group>";
		};
		2DB82920243CCF48002D139C /* Social */ = {
			isa = PBXGroup;
			children = (
				2DEE5DC6243D856C009F9A3A /* View */,
				2DB82923243CCFDF002D139C /* Controller */,
			);
			path = Social;
			sourceTree = "<group>";
		};
		2DB82923243CCFDF002D139C /* Controller */ = {
			isa = PBXGroup;
			children = (
				2DB82921243CCF94002D139C /* SocialVC.swift */,
			);
			path = Controller;
			sourceTree = "<group>";
		};
		2DCB97312446B04200B4E448 /* SideMenu */ = {
			isa = PBXGroup;
			children = (
				2D7C898E2446D9EE00DDCA3A /* View */,
				2D7C898D2446D9E300DDCA3A /* Controller */,
				2D7C898C2446D9C900DDCA3A /* Model */,
			);
			path = SideMenu;
			sourceTree = "<group>";
		};
		2DE32D24243EEEEB000B090D /* Model */ = {
			isa = PBXGroup;
			children = (
				2DE32D27243EF01B000B090D /* HospitalState.swift */,
			);
			path = Model;
			sourceTree = "<group>";
		};
		2DEB2F74243E43A90088E176 /* Health */ = {
			isa = PBXGroup;
			children = (
				2D51B7AF243EC7BF00401044 /* Responses */,
				2DEB2F77243E458F0088E176 /* View */,
				2DEB2F78243E45970088E176 /* Controller */,
				2DE32D24243EEEEB000B090D /* Model */,
			);
			path = Health;
			sourceTree = "<group>";
		};
		2DEB2F77243E458F0088E176 /* View */ = {
			isa = PBXGroup;
			children = (
				2DEB2F79243E45AB0088E176 /* HealthStateCell.swift */,
				2DE32D29243F45AA000B090D /* HealthTableHeaderView.swift */,
				2DE32D2B243F4666000B090D /* QuoteHeaderView.swift */,
			);
			path = View;
			sourceTree = "<group>";
		};
		2DEB2F78243E45970088E176 /* Controller */ = {
			isa = PBXGroup;
			children = (
				2DEB2F75243E43D80088E176 /* HealthVC.swift */,
			);
			path = Controller;
			sourceTree = "<group>";
		};
		2DEE5DC6243D856C009F9A3A /* View */ = {
			isa = PBXGroup;
			children = (
				2DEE5DC7243D858C009F9A3A /* SocialCell.swift */,
			);
			path = View;
			sourceTree = "<group>";
		};
		2DF356B32448A40000D46AEF /* AboutUs */ = {
			isa = PBXGroup;
			children = (
				2DF356B52448A42000D46AEF /* Controller */,
			);
			path = AboutUs;
			sourceTree = "<group>";
		};
		2DF356B52448A42000D46AEF /* Controller */ = {
			isa = PBXGroup;
			children = (
				2DF356B62448A43D00D46AEF /* AboutUsVC.swift */,
			);
			path = Controller;
			sourceTree = "<group>";
		};
		8A549917EE2FFEBAC33D11C7 /* Frameworks */ = {
			isa = PBXGroup;
			children = (
				7743D02E447109434E547795 /* Pods_Covid_19.framework */,
			);
			name = Frameworks;
			sourceTree = "<group>";
		};
		ACA36AE10E4CC596F3A17737 /* Pods */ = {
			isa = PBXGroup;
			children = (
				DB0D988D78806F4AD624F305 /* Pods-Covid-19.debug.xcconfig */,
				F92A189F88D969B758221880 /* Pods-Covid-19.release.xcconfig */,
			);
			path = Pods;
			sourceTree = "<group>";
		};
/* End PBXGroup section */

/* Begin PBXNativeTarget section */
		2D2997A2243625CC00AB4C7A /* Covid-19 */ = {
			isa = PBXNativeTarget;
			buildConfigurationList = 2D2997B7243625D300AB4C7A /* Build configuration list for PBXNativeTarget "Covid-19" */;
			buildPhases = (
				D5AA131675E925BE856DA68A /* [CP] Check Pods Manifest.lock */,
				2D29979F243625CC00AB4C7A /* Sources */,
				2D2997A0243625CC00AB4C7A /* Frameworks */,
				2D2997A1243625CC00AB4C7A /* Resources */,
				F4BA3912F569D33B91565F6F /* [CP] Embed Pods Frameworks */,
			);
			buildRules = (
			);
			dependencies = (
			);
			name = "Covid-19";
			productName = "Covid-19";
			productReference = 2D2997A3243625CC00AB4C7A /* Covid-19.app */;
			productType = "com.apple.product-type.application";
		};
/* End PBXNativeTarget section */

/* Begin PBXProject section */
		2D29979B243625CC00AB4C7A /* Project object */ = {
			isa = PBXProject;
			attributes = {
				LastSwiftUpdateCheck = 1130;
				LastUpgradeCheck = 1130;
				ORGANIZATIONNAME = "Ajay Choudhary";
				TargetAttributes = {
					2D2997A2243625CC00AB4C7A = {
						CreatedOnToolsVersion = 11.3.1;
					};
				};
			};
			buildConfigurationList = 2D29979E243625CC00AB4C7A /* Build configuration list for PBXProject "Covid-19" */;
			compatibilityVersion = "Xcode 9.3";
			developmentRegion = en;
			hasScannedForEncodings = 0;
			knownRegions = (
				en,
				Base,
			);
			mainGroup = 2D29979A243625CC00AB4C7A;
			productRefGroup = 2D2997A4243625CC00AB4C7A /* Products */;
			projectDirPath = "";
			projectRoot = "";
			targets = (
				2D2997A2243625CC00AB4C7A /* Covid-19 */,
			);
		};
/* End PBXProject section */

/* Begin PBXResourcesBuildPhase section */
		2D2997A1243625CC00AB4C7A /* Resources */ = {
			isa = PBXResourcesBuildPhase;
			buildActionMask = 2147483647;
			files = (
				2D2997B3243625D300AB4C7A /* LaunchScreen.storyboard in Resources */,
				2D2997B0243625D300AB4C7A /* Assets.xcassets in Resources */,
			);
			runOnlyForDeploymentPostprocessing = 0;
		};
/* End PBXResourcesBuildPhase section */

/* Begin PBXShellScriptBuildPhase section */
		D5AA131675E925BE856DA68A /* [CP] Check Pods Manifest.lock */ = {
			isa = PBXShellScriptBuildPhase;
			buildActionMask = 2147483647;
			files = (
			);
			inputFileListPaths = (
			);
			inputPaths = (
				"${PODS_PODFILE_DIR_PATH}/Podfile.lock",
				"${PODS_ROOT}/Manifest.lock",
			);
			name = "[CP] Check Pods Manifest.lock";
			outputFileListPaths = (
			);
			outputPaths = (
				"$(DERIVED_FILE_DIR)/Pods-Covid-19-checkManifestLockResult.txt",
			);
			runOnlyForDeploymentPostprocessing = 0;
			shellPath = /bin/sh;
			shellScript = "diff \"${PODS_PODFILE_DIR_PATH}/Podfile.lock\" \"${PODS_ROOT}/Manifest.lock\" > /dev/null\nif [ $? != 0 ] ; then\n    # print error to STDERR\n    echo \"error: The sandbox is not in sync with the Podfile.lock. Run 'pod install' or update your CocoaPods installation.\" >&2\n    exit 1\nfi\n# This output is used by Xcode 'outputs' to avoid re-running this script phase.\necho \"SUCCESS\" > \"${SCRIPT_OUTPUT_FILE_0}\"\n";
			showEnvVarsInLog = 0;
		};
		F4BA3912F569D33B91565F6F /* [CP] Embed Pods Frameworks */ = {
			isa = PBXShellScriptBuildPhase;
			buildActionMask = 2147483647;
			files = (
			);
			inputFileListPaths = (
				"${PODS_ROOT}/Target Support Files/Pods-Covid-19/Pods-Covid-19-frameworks-${CONFIGURATION}-input-files.xcfilelist",
			);
			name = "[CP] Embed Pods Frameworks";
			outputFileListPaths = (
				"${PODS_ROOT}/Target Support Files/Pods-Covid-19/Pods-Covid-19-frameworks-${CONFIGURATION}-output-files.xcfilelist",
			);
			runOnlyForDeploymentPostprocessing = 0;
			shellPath = /bin/sh;
			shellScript = "\"${PODS_ROOT}/Target Support Files/Pods-Covid-19/Pods-Covid-19-frameworks.sh\"\n";
			showEnvVarsInLog = 0;
		};
/* End PBXShellScriptBuildPhase section */

/* Begin PBXSourcesBuildPhase section */
		2D29979F243625CC00AB4C7A /* Sources */ = {
			isa = PBXSourcesBuildPhase;
			buildActionMask = 2147483647;
			files = (
				2D3F2E252439804C00BAE875 /* ActivityIndicatorContainer.swift in Sources */,
				2D25ECA524382B40007BD169 /* CovidClient.swift in Sources */,
				2D1FF48B244048B60089D9BF /* HelplineCentersVC.swift in Sources */,
				2D6B9E42243723E0002AB29D /* PlaceCell.swift in Sources */,
				2D3D4FBC243AD43200C86AAE /* District.swift in Sources */,
				2D25ECB124389EAB007BD169 /* CountryDataCardState.swift in Sources */,
				2DCB97372446C40500B4E448 /* Setting.swift in Sources */,
				2D25ECAB24385745007BD169 /* CountryStatsHeaderCell.swift in Sources */,
				2DEB2F76243E43D80088E176 /* HealthVC.swift in Sources */,
				2DE32D2A243F45AA000B090D /* HealthTableHeaderView.swift in Sources */,
				2D3D4FB7243AC5D000C86AAE /* DistrictVC.swift in Sources */,
				2D3F2E2A2439CCDE00BAE875 /* CountryChartData.swift in Sources */,
				2DEE5DC8243D858C009F9A3A /* SocialCell.swift in Sources */,
				2D83A5892447453C00269BC1 /* ContactConstants.swift in Sources */,
				2D697F942441E938007A1351 /* QuestionCard.swift in Sources */,
				2D25ECA924382DEC007BD169 /* StateData.swift in Sources */,
				2D1091292448098600CB2C34 /* HelpfulLinksVC.swift in Sources */,
				2D25ECA724382DBC007BD169 /* StateWiseCases.swift in Sources */,
				2D25ECB42438DAD8007BD169 /* ErrorMessage.swift in Sources */,
				2D3D4FC2243B18F400C86AAE /* StateStatsHeaderView.swift in Sources */,
				2D9824A62441D5BA00666568 /* SymptomCheckerVC.swift in Sources */,
				2D811B842449C2B500FF9EFA /* Precaution.swift in Sources */,
				2DF356B72448A43D00D46AEF /* AboutUsVC.swift in Sources */,
				2D2997AB243625CD00AB4C7A /* HomeVC.swift in Sources */,
				2D2997A7243625CD00AB4C7A /* AppDelegate.swift in Sources */,
				2DEB2F7A243E45AB0088E176 /* HealthStateCell.swift in Sources */,
				2D109127244806EE00CB2C34 /* LinkConstants.swift in Sources */,
				2DEC22622438FB13005A5FDA /* CustomAlertVC.swift in Sources */,
				2D1FF48D24404D9D0089D9BF /* HelplineCenterCell.swift in Sources */,
				2D10912B24480AAE00CB2C34 /* LinkCell.swift in Sources */,
				2DB82922243CCF94002D139C /* SocialVC.swift in Sources */,
				2D3D4FC4243B1F3C00C86AAE /* StateStatsHeaderCell.swift in Sources */,
				2D51B7B5243EC91900401044 /* MedicalCollege.swift in Sources */,
				2D6F5D772442EEBA00D57290 /* QuestionHeader.swift in Sources */,
				2D51B7B1243EC87B00401044 /* HospitalResponse.swift in Sources */,
				2D3F2E272439B0E800BAE875 /* CaseTimeSerie.swift in Sources */,
				2D811B822449C06800FF9EFA /* IntroCell.swift in Sources */,
				2D2997A9243625CD00AB4C7A /* SceneDelegate.swift in Sources */,
				2D25ECAF24386010007BD169 /* CountryDataCard.swift in Sources */,
				2DCB97302446B00600B4E448 /* MainTabBarController.swift in Sources */,
				2D6F5D7C2442FC3600D57290 /* QuestionConstants.swift in Sources */,
				2DC4F49C24375A25005A5B44 /* TableHeadingView.swift in Sources */,
				2D0511E1244727C200DDA550 /* ContactHeader.swift in Sources */,
				2D51B7B3243EC8DD00401044 /* HospitalData.swift in Sources */,
				2DE32D28243EF01B000B090D /* HospitalState.swift in Sources */,
				2D0511DF2447180900DDA550 /* ContactCell.swift in Sources */,
				2D2997BF2436288300AB4C7A /* CountryStatsHeaderView.swift in Sources */,
				2DCB97332446B05500B4E448 /* SideMenuVC.swift in Sources */,
				2D0511DD2447164C00DDA550 /* ContactsVC.swift in Sources */,
				2D3D4FBE243AD48600C86AAE /* DistrictWiseData.swift in Sources */,
				2D6F5D792442F63D00D57290 /* AnswerCell.swift in Sources */,
				2DE32D2C243F4666000B090D /* QuoteHeaderView.swift in Sources */,
				2D7C89902446DA0600DDCA3A /* SettingsCollectionViewCell.swift in Sources */,
				2DCB97352446B0C800B4E448 /* ContainerVC.swift in Sources */,
				2D25ECB62438DD0B007BD169 /* Extensions.swift in Sources */,
				2D811B7D2449BE8D00FF9EFA /* IntroVC.swift in Sources */,
			);
			runOnlyForDeploymentPostprocessing = 0;
		};
/* End PBXSourcesBuildPhase section */

/* Begin PBXVariantGroup section */
		2D2997B1243625D300AB4C7A /* LaunchScreen.storyboard */ = {
			isa = PBXVariantGroup;
			children = (
				2D2997B2243625D300AB4C7A /* Base */,
			);
			name = LaunchScreen.storyboard;
			sourceTree = "<group>";
		};
/* End PBXVariantGroup section */

/* Begin XCBuildConfiguration section */
		2D2997B5243625D300AB4C7A /* Debug */ = {
			isa = XCBuildConfiguration;
			buildSettings = {
				ALWAYS_SEARCH_USER_PATHS = NO;
				CLANG_ANALYZER_NONNULL = YES;
				CLANG_ANALYZER_NUMBER_OBJECT_CONVERSION = YES_AGGRESSIVE;
				CLANG_CXX_LANGUAGE_STANDARD = "gnu++14";
				CLANG_CXX_LIBRARY = "libc++";
				CLANG_ENABLE_MODULES = YES;
				CLANG_ENABLE_OBJC_ARC = YES;
				CLANG_ENABLE_OBJC_WEAK = YES;
				CLANG_WARN_BLOCK_CAPTURE_AUTORELEASING = YES;
				CLANG_WARN_BOOL_CONVERSION = YES;
				CLANG_WARN_COMMA = YES;
				CLANG_WARN_CONSTANT_CONVERSION = YES;
				CLANG_WARN_DEPRECATED_OBJC_IMPLEMENTATIONS = YES;
				CLANG_WARN_DIRECT_OBJC_ISA_USAGE = YES_ERROR;
				CLANG_WARN_DOCUMENTATION_COMMENTS = YES;
				CLANG_WARN_EMPTY_BODY = YES;
				CLANG_WARN_ENUM_CONVERSION = YES;
				CLANG_WARN_INFINITE_RECURSION = YES;
				CLANG_WARN_INT_CONVERSION = YES;
				CLANG_WARN_NON_LITERAL_NULL_CONVERSION = YES;
				CLANG_WARN_OBJC_IMPLICIT_RETAIN_SELF = YES;
				CLANG_WARN_OBJC_LITERAL_CONVERSION = YES;
				CLANG_WARN_OBJC_ROOT_CLASS = YES_ERROR;
				CLANG_WARN_RANGE_LOOP_ANALYSIS = YES;
				CLANG_WARN_STRICT_PROTOTYPES = YES;
				CLANG_WARN_SUSPICIOUS_MOVE = YES;
				CLANG_WARN_UNGUARDED_AVAILABILITY = YES_AGGRESSIVE;
				CLANG_WARN_UNREACHABLE_CODE = YES;
				CLANG_WARN__DUPLICATE_METHOD_MATCH = YES;
				COPY_PHASE_STRIP = NO;
				DEBUG_INFORMATION_FORMAT = dwarf;
				ENABLE_STRICT_OBJC_MSGSEND = YES;
				ENABLE_TESTABILITY = YES;
				GCC_C_LANGUAGE_STANDARD = gnu11;
				GCC_DYNAMIC_NO_PIC = NO;
				GCC_NO_COMMON_BLOCKS = YES;
				GCC_OPTIMIZATION_LEVEL = 0;
				GCC_PREPROCESSOR_DEFINITIONS = (
					"DEBUG=1",
					"$(inherited)",
				);
				GCC_WARN_64_TO_32_BIT_CONVERSION = YES;
				GCC_WARN_ABOUT_RETURN_TYPE = YES_ERROR;
				GCC_WARN_UNDECLARED_SELECTOR = YES;
				GCC_WARN_UNINITIALIZED_AUTOS = YES_AGGRESSIVE;
				GCC_WARN_UNUSED_FUNCTION = YES;
				GCC_WARN_UNUSED_VARIABLE = YES;
				IPHONEOS_DEPLOYMENT_TARGET = 13.2;
				MTL_ENABLE_DEBUG_INFO = INCLUDE_SOURCE;
				MTL_FAST_MATH = YES;
				ONLY_ACTIVE_ARCH = YES;
				SDKROOT = iphoneos;
				SWIFT_ACTIVE_COMPILATION_CONDITIONS = DEBUG;
				SWIFT_OPTIMIZATION_LEVEL = "-Onone";
			};
			name = Debug;
		};
		2D2997B6243625D300AB4C7A /* Release */ = {
			isa = XCBuildConfiguration;
			buildSettings = {
				ALWAYS_SEARCH_USER_PATHS = NO;
				CLANG_ANALYZER_NONNULL = YES;
				CLANG_ANALYZER_NUMBER_OBJECT_CONVERSION = YES_AGGRESSIVE;
				CLANG_CXX_LANGUAGE_STANDARD = "gnu++14";
				CLANG_CXX_LIBRARY = "libc++";
				CLANG_ENABLE_MODULES = YES;
				CLANG_ENABLE_OBJC_ARC = YES;
				CLANG_ENABLE_OBJC_WEAK = YES;
				CLANG_WARN_BLOCK_CAPTURE_AUTORELEASING = YES;
				CLANG_WARN_BOOL_CONVERSION = YES;
				CLANG_WARN_COMMA = YES;
				CLANG_WARN_CONSTANT_CONVERSION = YES;
				CLANG_WARN_DEPRECATED_OBJC_IMPLEMENTATIONS = YES;
				CLANG_WARN_DIRECT_OBJC_ISA_USAGE = YES_ERROR;
				CLANG_WARN_DOCUMENTATION_COMMENTS = YES;
				CLANG_WARN_EMPTY_BODY = YES;
				CLANG_WARN_ENUM_CONVERSION = YES;
				CLANG_WARN_INFINITE_RECURSION = YES;
				CLANG_WARN_INT_CONVERSION = YES;
				CLANG_WARN_NON_LITERAL_NULL_CONVERSION = YES;
				CLANG_WARN_OBJC_IMPLICIT_RETAIN_SELF = YES;
				CLANG_WARN_OBJC_LITERAL_CONVERSION = YES;
				CLANG_WARN_OBJC_ROOT_CLASS = YES_ERROR;
				CLANG_WARN_RANGE_LOOP_ANALYSIS = YES;
				CLANG_WARN_STRICT_PROTOTYPES = YES;
				CLANG_WARN_SUSPICIOUS_MOVE = YES;
				CLANG_WARN_UNGUARDED_AVAILABILITY = YES_AGGRESSIVE;
				CLANG_WARN_UNREACHABLE_CODE = YES;
				CLANG_WARN__DUPLICATE_METHOD_MATCH = YES;
				COPY_PHASE_STRIP = NO;
				DEBUG_INFORMATION_FORMAT = "dwarf-with-dsym";
				ENABLE_NS_ASSERTIONS = NO;
				ENABLE_STRICT_OBJC_MSGSEND = YES;
				GCC_C_LANGUAGE_STANDARD = gnu11;
				GCC_NO_COMMON_BLOCKS = YES;
				GCC_WARN_64_TO_32_BIT_CONVERSION = YES;
				GCC_WARN_ABOUT_RETURN_TYPE = YES_ERROR;
				GCC_WARN_UNDECLARED_SELECTOR = YES;
				GCC_WARN_UNINITIALIZED_AUTOS = YES_AGGRESSIVE;
				GCC_WARN_UNUSED_FUNCTION = YES;
				GCC_WARN_UNUSED_VARIABLE = YES;
				IPHONEOS_DEPLOYMENT_TARGET = 13.2;
				MTL_ENABLE_DEBUG_INFO = NO;
				MTL_FAST_MATH = YES;
				SDKROOT = iphoneos;
				SWIFT_COMPILATION_MODE = wholemodule;
				SWIFT_OPTIMIZATION_LEVEL = "-O";
				VALIDATE_PRODUCT = YES;
			};
			name = Release;
		};
		2D2997B8243625D300AB4C7A /* Debug */ = {
			isa = XCBuildConfiguration;
			baseConfigurationReference = DB0D988D78806F4AD624F305 /* Pods-Covid-19.debug.xcconfig */;
			buildSettings = {
				ASSETCATALOG_COMPILER_APPICON_NAME = AppIcon;
				CODE_SIGN_STYLE = Automatic;
				DEVELOPMENT_TEAM = 59S6RTNR57;
				INFOPLIST_FILE = "Covid-19/Info.plist";
				LD_RUNPATH_SEARCH_PATHS = (
					"$(inherited)",
					"@executable_path/Frameworks",
				);
				PRODUCT_BUNDLE_IDENTIFIER = "com.ajaychoudhary.Covid-19";
				PRODUCT_NAME = "$(TARGET_NAME)";
				SWIFT_VERSION = 5.0;
				TARGETED_DEVICE_FAMILY = "1,2";
			};
			name = Debug;
		};
		2D2997B9243625D300AB4C7A /* Release */ = {
			isa = XCBuildConfiguration;
			baseConfigurationReference = F92A189F88D969B758221880 /* Pods-Covid-19.release.xcconfig */;
			buildSettings = {
				ASSETCATALOG_COMPILER_APPICON_NAME = AppIcon;
				CODE_SIGN_STYLE = Automatic;
				DEVELOPMENT_TEAM = 59S6RTNR57;
				INFOPLIST_FILE = "Covid-19/Info.plist";
				LD_RUNPATH_SEARCH_PATHS = (
					"$(inherited)",
					"@executable_path/Frameworks",
				);
				PRODUCT_BUNDLE_IDENTIFIER = "com.ajaychoudhary.Covid-19";
				PRODUCT_NAME = "$(TARGET_NAME)";
				SWIFT_VERSION = 5.0;
				TARGETED_DEVICE_FAMILY = "1,2";
			};
			name = Release;
		};
/* End XCBuildConfiguration section */

/* Begin XCConfigurationList section */
		2D29979E243625CC00AB4C7A /* Build configuration list for PBXProject "Covid-19" */ = {
			isa = XCConfigurationList;
			buildConfigurations = (
				2D2997B5243625D300AB4C7A /* Debug */,
				2D2997B6243625D300AB4C7A /* Release */,
			);
			defaultConfigurationIsVisible = 0;
			defaultConfigurationName = Release;
		};
		2D2997B7243625D300AB4C7A /* Build configuration list for PBXNativeTarget "Covid-19" */ = {
			isa = XCConfigurationList;
			buildConfigurations = (
				2D2997B8243625D300AB4C7A /* Debug */,
				2D2997B9243625D300AB4C7A /* Release */,
			);
			defaultConfigurationIsVisible = 0;
			defaultConfigurationName = Release;
		};
/* End XCConfigurationList section */
	};
	rootObject = 2D29979B243625CC00AB4C7A /* Project object */;
}
